{
  "requires": true,
  "lockfileVersion": 1,
  "dependencies": {
    "@angular/animations": {
      "version": "8.2.4",
      "resolved": "https://registry.npm.taobao.org/@angular/animations/download/@angular/animations-8.2.4.tgz?cache=0&other_urls=https%3A%2F%2Fregistry.npm.taobao.org%2F%40angular%2Fanimations%2Fdownload%2F%40angular%2Fanimations-8.2.4.tgz",
      "integrity": "sha1-B4D5y5ii7D1D2AxCl2QgWXky3DY=",
      "requires": {
        "tslib": "1.10.0"
      }
    },
    "@angular/cdk": {
      "version": "8.1.4",
      "resolved": "https://registry.npm.taobao.org/@angular/cdk/download/@angular/cdk-8.1.4.tgz?cache=0&other_urls=https%3A%2F%2Fregistry.npm.taobao.org%2F%40angular%2Fcdk%2Fdownload%2F%40angular%2Fcdk-8.1.4.tgz",
      "integrity": "sha1-aQZgU/5MvYDO4rt/ojjxyau5Y/w=",
      "requires": {
        "parse5": "5.1.0",
        "tslib": "1.10.0"
      }
    },
    "@angular/material": {
      "version": "8.1.4",
      "resolved": "https://registry.npm.taobao.org/@angular/material/download/@angular/material-8.1.4.tgz",
      "integrity": "sha1-i9p0e7Ajr4zM4sLT6ejcJfBbNgU=",
      "requires": {
        "tslib": "1.10.0"
      }
    },
    "hammerjs": {
      "version": "2.0.8",
      "resolved": "https://registry.npm.taobao.org/hammerjs/download/hammerjs-2.0.8.tgz",
      "integrity": "sha1-BO93hiz/K7edMPdpIJWTAiK/YPE="
    },
    "parse5": {
      "version": "5.1.0",
      "resolved": "http://registry.npm.taobao.org/parse5/download/parse5-5.1.0.tgz",
      "integrity": "sha1-xZNByXI/QUxFKXVWTHwApo1YrNI=",
      "optional": true
    },
    "tslib": {
      "version": "1.10.0",
      "resolved": "https://registry.npm.taobao.org/tslib/download/tslib-1.10.0.tgz",
      "integrity": "sha1-w8GflZc/sKYpc/sJ2Q2WHuQ+XIo="
    }
  }
}
